
Microsoft Visual Studio Solution File, Format Version 12.00
# Visual Studio Version 17
VisualStudioVersion = 17.4.33205.214
MinimumVisualStudioVersion = 10.0.40219.1
Project("{FAE04EC0-301F-11D3-BF4B-00C04F79EFBC}") = "Notes Manager", "Notes Manager\Notes Manager.csproj", "{A284D07D-F8BF-47C5-986A-38396DD47949}"
EndProject
Global
	GlobalSection(SolutionConfigurationPlatforms) = preSolution
		Debug|Any CPU = Debug|Any CPU
		Release|Any CPU = Release|Any CPU
	EndGlobalSection
	GlobalSection(ProjectConfigurationPlatforms) = postSolution
		{A284D07D-F8BF-47C5-986A-38396DD47949}.Debug|Any CPU.ActiveCfg = Debug|Any CPU
		{A284D07D-F8BF-47C5-986A-38396DD47949}.Debug|Any CPU.Build.0 = Debug|Any CPU
		{A284D07D-F8BF-47C5-986A-38396DD47949}.Release|Any CPU.ActiveCfg = Release|Any CPU
		{A284D07D-F8BF-47C5-986A-38396DD47949}.Release|Any CPU.Build.0 = Release|Any CPU
	EndGlobalSection
	GlobalSection(SolutionProperties) = preSolution
		HideSolutionNode = FALSE
	EndGlobalSection
	GlobalSection(ExtensibilityGlobals) = postSolution
		SolutionGuid = {6B4FE2BD-AB45-4E68-9513-F70C753458E7}
	EndGlobalSection
EndGlobal
